
Microsoft Visual Studio Solution File, Format Version 12.00
# Visual Studio Version 16
VisualStudioVersion = 16.0.30011.22
MinimumVisualStudioVersion = 10.0.40219.1
Project("{9A19103F-16F7-4668-BE54-9A1E7A4F7556}") = "FlexibleLoggingLibrary", "FlexibleLoggingLibrary\FlexibleLoggingLibrary.csproj", "{65AA16B9-7B3A-4760-9B86-A676767D5ADE}"
EndProject
Project("{FAE04EC0-301F-11D3-BF4B-00C04F79EFBC}") = "FlexibleLoggingApp", "FlexibleLoggingApp\FlexibleLoggingApp.csproj", "{EC56DAB7-77C8-4576-8E1A-C8AE1AC33EB5}"
EndProject
Global
	GlobalSection(SolutionConfigurationPlatforms) = preSolution
		Debug|Any CPU = Debug|Any CPU
		Release|Any CPU = Release|Any CPU
	EndGlobalSection
	GlobalSection(ProjectConfigurationPlatforms) = postSolution
		{65AA16B9-7B3A-4760-9B86-A676767D5ADE}.Debug|Any CPU.ActiveCfg = Debug|Any CPU
		{65AA16B9-7B3A-4760-9B86-A676767D5ADE}.Debug|Any CPU.Build.0 = Debug|Any CPU
		{65AA16B9-7B3A-4760-9B86-A676767D5ADE}.Release|Any CPU.ActiveCfg = Release|Any CPU
		{65AA16B9-7B3A-4760-9B86-A676767D5ADE}.Release|Any CPU.Build.0 = Release|Any CPU
		{EC56DAB7-77C8-4576-8E1A-C8AE1AC33EB5}.Debug|Any CPU.ActiveCfg = Debug|Any CPU
		{EC56DAB7-77C8-4576-8E1A-C8AE1AC33EB5}.Debug|Any CPU.Build.0 = Debug|Any CPU
		{EC56DAB7-77C8-4576-8E1A-C8AE1AC33EB5}.Release|Any CPU.ActiveCfg = Release|Any CPU
		{EC56DAB7-77C8-4576-8E1A-C8AE1AC33EB5}.Release|Any CPU.Build.0 = Release|Any CPU
	EndGlobalSection
	GlobalSection(SolutionProperties) = preSolution
		HideSolutionNode = FALSE
	EndGlobalSection
	GlobalSection(ExtensibilityGlobals) = postSolution
		SolutionGuid = {C0D0D47E-F9E2-4175-AA19-878C04DDE7B1}
	EndGlobalSection
EndGlobal
